
Microsoft Visual Studio Solution File, Format Version 12.00
# Visual Studio 2013
VisualStudioVersion = 12.0.31101.0
MinimumVisualStudioVersion = 10.0.40219.1
Project("{8BC9CEB8-8B4A-11D0-8D11-00A0C91BC942}") = "clrprofiler", "clrprofiler\clrprofiler.vcxproj", "{5195A31F-EAD5-4BCF-9F41-706BB0D89D18}"
EndProject
Project("{FAE04EC0-301F-11D3-BF4B-00C04F79EFBC}") = "webapplication", "webapplication\webapplication.csproj", "{ED6B27F3-7324-4CB7-9178-15F34A520E85}"
EndProject
Project("{2150E333-8FDC-42A3-9474-1A3956D46DE8}") = "TestHarnesses", "TestHarnesses", "{278B7EC8-7468-48E2-AA8D-61170412D155}"
EndProject
Project("{FAE04EC0-301F-11D3-BF4B-00C04F79EFBC}") = "HelloWorldTestHarness", "TestHarnesses\HelloWorldTestHarness\HelloWorldTestHarness.csproj", "{44F92CD9-18FB-4A3B-84D4-3C5D41AFC59D}"
	ProjectSection(ProjectDependencies) = postProject
		{5195A31F-EAD5-4BCF-9F41-706BB0D89D18} = {5195A31F-EAD5-4BCF-9F41-706BB0D89D18}
	EndProjectSection
EndProject
Project("{FAE04EC0-301F-11D3-BF4B-00C04F79EFBC}") = "LaunchAllTests", "TestHarnesses\LaunchAllTests\LaunchAllTests.csproj", "{C94ECD74-EFA2-4FCB-81ED-3C9282296330}"
EndProject
Project("{FAE04EC0-301F-11D3-BF4B-00C04F79EFBC}") = "MVCTestHarness", "MVCTestHarness\MVCTestHarness.csproj", "{6FEE4B8F-67D5-416E-9342-F034D51D6E6E}"
EndProject
Project("{FAE04EC0-301F-11D3-BF4B-00C04F79EFBC}") = "WCFTestService", "WCFTestService\WCFTestService.csproj", "{72D5096F-A6CD-44C7-9D80-A7945EC51345}"
EndProject
Project("{FAE04EC0-301F-11D3-BF4B-00C04F79EFBC}") = "ASMXWebService", "WebApplication1\ASMXWebService.csproj", "{7268A369-A5A8-4132-AB00-EE81E8DBE7BC}"
EndProject
Project("{2150E333-8FDC-42A3-9474-1A3956D46DE8}") = "Documents", "Documents", "{27301A3D-9E5A-4C4C-9AE8-9276F95627C4}"
	ProjectSection(SolutionItems) = preProject
		README.md = README.md
	EndProjectSection
EndProject
Project("{FAE04EC0-301F-11D3-BF4B-00C04F79EFBC}") = "clientemulator", "clientemulator\clientemulator.csproj", "{6DA7E487-DC7F-4C77-AA15-81211751B905}"
EndProject
Project("{FAE04EC0-301F-11D3-BF4B-00C04F79EFBC}") = "commonlibrary", "commonlib\commonlibrary.csproj", "{884E4A3D-40D8-4685-82A5-1E74C92F7698}"
EndProject
Project("{FAE04EC0-301F-11D3-BF4B-00C04F79EFBC}") = "server", "server\server.csproj", "{30808BE1-14CD-4FB3-88C8-532BB63772D1}"
EndProject
Global
	GlobalSection(SolutionConfigurationPlatforms) = preSolution
		Debug|Win32 = Debug|Win32
		Debug|x64 = Debug|x64
		DebugMVC|Win32 = DebugMVC|Win32
		DebugMVC|x64 = DebugMVC|x64
		Release|Win32 = Release|Win32
		Release|x64 = Release|x64
	EndGlobalSection
	GlobalSection(ProjectConfigurationPlatforms) = postSolution
		{5195A31F-EAD5-4BCF-9F41-706BB0D89D18}.Debug|Win32.ActiveCfg = Debug|Win32
		{5195A31F-EAD5-4BCF-9F41-706BB0D89D18}.Debug|Win32.Build.0 = Debug|Win32
		{5195A31F-EAD5-4BCF-9F41-706BB0D89D18}.Debug|x64.ActiveCfg = Debug|x64
		{5195A31F-EAD5-4BCF-9F41-706BB0D89D18}.Debug|x64.Build.0 = Debug|x64
		{5195A31F-EAD5-4BCF-9F41-706BB0D89D18}.DebugMVC|Win32.ActiveCfg = DebugMVC|Win32
		{5195A31F-EAD5-4BCF-9F41-706BB0D89D18}.DebugMVC|Win32.Build.0 = DebugMVC|Win32
		{5195A31F-EAD5-4BCF-9F41-706BB0D89D18}.DebugMVC|x64.ActiveCfg = DebugMVC|x64
		{5195A31F-EAD5-4BCF-9F41-706BB0D89D18}.DebugMVC|x64.Build.0 = DebugMVC|x64
		{5195A31F-EAD5-4BCF-9F41-706BB0D89D18}.Release|Win32.ActiveCfg = Release|Win32
		{5195A31F-EAD5-4BCF-9F41-706BB0D89D18}.Release|Win32.Build.0 = Release|Win32
		{5195A31F-EAD5-4BCF-9F41-706BB0D89D18}.Release|x64.ActiveCfg = Release|x64
		{5195A31F-EAD5-4BCF-9F41-706BB0D89D18}.Release|x64.Build.0 = Release|x64
		{ED6B27F3-7324-4CB7-9178-15F34A520E85}.Debug|Win32.ActiveCfg = Debug|x86
		{ED6B27F3-7324-4CB7-9178-15F34A520E85}.Debug|Win32.Build.0 = Debug|x86
		{ED6B27F3-7324-4CB7-9178-15F34A520E85}.Debug|x64.ActiveCfg = Debug|x64
		{ED6B27F3-7324-4CB7-9178-15F34A520E85}.Debug|x64.Build.0 = Debug|x64
		{ED6B27F3-7324-4CB7-9178-15F34A520E85}.DebugMVC|Win32.ActiveCfg = DebugMVC|x86
		{ED6B27F3-7324-4CB7-9178-15F34A520E85}.DebugMVC|Win32.Build.0 = DebugMVC|x86
		{ED6B27F3-7324-4CB7-9178-15F34A520E85}.DebugMVC|x64.ActiveCfg = DebugMVC|x64
		{ED6B27F3-7324-4CB7-9178-15F34A520E85}.DebugMVC|x64.Build.0 = DebugMVC|x64
		{ED6B27F3-7324-4CB7-9178-15F34A520E85}.Release|Win32.ActiveCfg = Release|x86
		{ED6B27F3-7324-4CB7-9178-15F34A520E85}.Release|Win32.Build.0 = Release|x86
		{ED6B27F3-7324-4CB7-9178-15F34A520E85}.Release|x64.ActiveCfg = Release|x64
		{ED6B27F3-7324-4CB7-9178-15F34A520E85}.Release|x64.Build.0 = Release|x64
		{44F92CD9-18FB-4A3B-84D4-3C5D41AFC59D}.Debug|Win32.ActiveCfg = Debug|x86
		{44F92CD9-18FB-4A3B-84D4-3C5D41AFC59D}.Debug|Win32.Build.0 = Debug|x86
		{44F92CD9-18FB-4A3B-84D4-3C5D41AFC59D}.Debug|x64.ActiveCfg = Debug|x64
		{44F92CD9-18FB-4A3B-84D4-3C5D41AFC59D}.Debug|x64.Build.0 = Debug|x64
		{44F92CD9-18FB-4A3B-84D4-3C5D41AFC59D}.DebugMVC|Win32.ActiveCfg = DebugMVC|x86
		{44F92CD9-18FB-4A3B-84D4-3C5D41AFC59D}.DebugMVC|Win32.Build.0 = DebugMVC|x86
		{44F92CD9-18FB-4A3B-84D4-3C5D41AFC59D}.DebugMVC|x64.ActiveCfg = DebugMVC|x64
		{44F92CD9-18FB-4A3B-84D4-3C5D41AFC59D}.DebugMVC|x64.Build.0 = DebugMVC|x64
		{44F92CD9-18FB-4A3B-84D4-3C5D41AFC59D}.Release|Win32.ActiveCfg = Release|x86
		{44F92CD9-18FB-4A3B-84D4-3C5D41AFC59D}.Release|Win32.Build.0 = Release|x86
		{44F92CD9-18FB-4A3B-84D4-3C5D41AFC59D}.Release|x64.ActiveCfg = Release|x64
		{44F92CD9-18FB-4A3B-84D4-3C5D41AFC59D}.Release|x64.Build.0 = Release|x64
		{C94ECD74-EFA2-4FCB-81ED-3C9282296330}.Debug|Win32.ActiveCfg = Debug|x86
		{C94ECD74-EFA2-4FCB-81ED-3C9282296330}.Debug|Win32.Build.0 = Debug|x86
		{C94ECD74-EFA2-4FCB-81ED-3C9282296330}.Debug|x64.ActiveCfg = Debug|x64
		{C94ECD74-EFA2-4FCB-81ED-3C9282296330}.Debug|x64.Build.0 = Debug|x64
		{C94ECD74-EFA2-4FCB-81ED-3C9282296330}.DebugMVC|Win32.ActiveCfg = DebugMVC|x86
		{C94ECD74-EFA2-4FCB-81ED-3C9282296330}.DebugMVC|Win32.Build.0 = DebugMVC|x86
		{C94ECD74-EFA2-4FCB-81ED-3C9282296330}.DebugMVC|x64.ActiveCfg = DebugMVC|x64
		{C94ECD74-EFA2-4FCB-81ED-3C9282296330}.DebugMVC|x64.Build.0 = DebugMVC|x64
		{C94ECD74-EFA2-4FCB-81ED-3C9282296330}.Release|Win32.ActiveCfg = Release|x86
		{C94ECD74-EFA2-4FCB-81ED-3C9282296330}.Release|Win32.Build.0 = Release|x86
		{C94ECD74-EFA2-4FCB-81ED-3C9282296330}.Release|x64.ActiveCfg = Release|x64
		{C94ECD74-EFA2-4FCB-81ED-3C9282296330}.Release|x64.Build.0 = Release|x64
		{6FEE4B8F-67D5-416E-9342-F034D51D6E6E}.Debug|Win32.ActiveCfg = Debug|x86
		{6FEE4B8F-67D5-416E-9342-F034D51D6E6E}.Debug|Win32.Build.0 = Debug|x86
		{6FEE4B8F-67D5-416E-9342-F034D51D6E6E}.Debug|x64.ActiveCfg = Debug|x64
		{6FEE4B8F-67D5-416E-9342-F034D51D6E6E}.Debug|x64.Build.0 = Debug|x64
		{6FEE4B8F-67D5-416E-9342-F034D51D6E6E}.DebugMVC|Win32.ActiveCfg = DebugMVC|x86
		{6FEE4B8F-67D5-416E-9342-F034D51D6E6E}.DebugMVC|Win32.Build.0 = DebugMVC|x86
		{6FEE4B8F-67D5-416E-9342-F034D51D6E6E}.DebugMVC|x64.ActiveCfg = DebugMVC|x64
		{6FEE4B8F-67D5-416E-9342-F034D51D6E6E}.DebugMVC|x64.Build.0 = DebugMVC|x64
		{6FEE4B8F-67D5-416E-9342-F034D51D6E6E}.Release|Win32.ActiveCfg = Release|x86
		{6FEE4B8F-67D5-416E-9342-F034D51D6E6E}.Release|Win32.Build.0 = Release|x86
		{6FEE4B8F-67D5-416E-9342-F034D51D6E6E}.Release|x64.ActiveCfg = Release|x64
		{6FEE4B8F-67D5-416E-9342-F034D51D6E6E}.Release|x64.Build.0 = Release|x64
		{72D5096F-A6CD-44C7-9D80-A7945EC51345}.Debug|Win32.ActiveCfg = Debug|x86
		{72D5096F-A6CD-44C7-9D80-A7945EC51345}.Debug|Win32.Build.0 = Debug|x86
		{72D5096F-A6CD-44C7-9D80-A7945EC51345}.Debug|x64.ActiveCfg = Debug|x64
		{72D5096F-A6CD-44C7-9D80-A7945EC51345}.Debug|x64.Build.0 = Debug|x64
		{72D5096F-A6CD-44C7-9D80-A7945EC51345}.DebugMVC|Win32.ActiveCfg = Debug|x86
		{72D5096F-A6CD-44C7-9D80-A7945EC51345}.DebugMVC|Win32.Build.0 = Debug|x86
		{72D5096F-A6CD-44C7-9D80-A7945EC51345}.DebugMVC|x64.ActiveCfg = Debug|x64
		{72D5096F-A6CD-44C7-9D80-A7945EC51345}.DebugMVC|x64.Build.0 = Debug|x64
		{72D5096F-A6CD-44C7-9D80-A7945EC51345}.Release|Win32.ActiveCfg = Release|x86
		{72D5096F-A6CD-44C7-9D80-A7945EC51345}.Release|Win32.Build.0 = Release|x86
		{72D5096F-A6CD-44C7-9D80-A7945EC51345}.Release|x64.ActiveCfg = Release|x64
		{72D5096F-A6CD-44C7-9D80-A7945EC51345}.Release|x64.Build.0 = Release|x64
		{7268A369-A5A8-4132-AB00-EE81E8DBE7BC}.Debug|Win32.ActiveCfg = Debug|x86
		{7268A369-A5A8-4132-AB00-EE81E8DBE7BC}.Debug|Win32.Build.0 = Debug|x86
		{7268A369-A5A8-4132-AB00-EE81E8DBE7BC}.Debug|x64.ActiveCfg = Debug|x64
		{7268A369-A5A8-4132-AB00-EE81E8DBE7BC}.Debug|x64.Build.0 = Debug|x64
		{7268A369-A5A8-4132-AB00-EE81E8DBE7BC}.DebugMVC|Win32.ActiveCfg = Debug|x86
		{7268A369-A5A8-4132-AB00-EE81E8DBE7BC}.DebugMVC|Win32.Build.0 = Debug|x86
		{7268A369-A5A8-4132-AB00-EE81E8DBE7BC}.DebugMVC|x64.ActiveCfg = Debug|x64
		{7268A369-A5A8-4132-AB00-EE81E8DBE7BC}.DebugMVC|x64.Build.0 = Debug|x64
		{7268A369-A5A8-4132-AB00-EE81E8DBE7BC}.Release|Win32.ActiveCfg = Release|x86
		{7268A369-A5A8-4132-AB00-EE81E8DBE7BC}.Release|Win32.Build.0 = Release|x86
		{7268A369-A5A8-4132-AB00-EE81E8DBE7BC}.Release|x64.ActiveCfg = Release|x64
		{7268A369-A5A8-4132-AB00-EE81E8DBE7BC}.Release|x64.Build.0 = Release|x64
		{6DA7E487-DC7F-4C77-AA15-81211751B905}.Debug|Win32.ActiveCfg = Debug|x86
		{6DA7E487-DC7F-4C77-AA15-81211751B905}.Debug|Win32.Build.0 = Debug|x86
		{6DA7E487-DC7F-4C77-AA15-81211751B905}.Debug|x64.ActiveCfg = Debug|x64
		{6DA7E487-DC7F-4C77-AA15-81211751B905}.Debug|x64.Build.0 = Debug|x64
		{6DA7E487-DC7F-4C77-AA15-81211751B905}.DebugMVC|Win32.ActiveCfg = Debug|x86
		{6DA7E487-DC7F-4C77-AA15-81211751B905}.DebugMVC|Win32.Build.0 = Debug|x86
		{6DA7E487-DC7F-4C77-AA15-81211751B905}.DebugMVC|x64.ActiveCfg = Debug|x64
		{6DA7E487-DC7F-4C77-AA15-81211751B905}.DebugMVC|x64.Build.0 = Debug|x64
		{6DA7E487-DC7F-4C77-AA15-81211751B905}.Release|Win32.ActiveCfg = Release|x86
		{6DA7E487-DC7F-4C77-AA15-81211751B905}.Release|Win32.Build.0 = Release|x86
		{6DA7E487-DC7F-4C77-AA15-81211751B905}.Release|x64.ActiveCfg = Release|x64
		{6DA7E487-DC7F-4C77-AA15-81211751B905}.Release|x64.Build.0 = Release|x64
		{884E4A3D-40D8-4685-82A5-1E74C92F7698}.Debug|Win32.ActiveCfg = Debug|x86
		{884E4A3D-40D8-4685-82A5-1E74C92F7698}.Debug|Win32.Build.0 = Debug|x86
		{884E4A3D-40D8-4685-82A5-1E74C92F7698}.Debug|x64.ActiveCfg = Debug|x64
		{884E4A3D-40D8-4685-82A5-1E74C92F7698}.Debug|x64.Build.0 = Debug|x64
		{884E4A3D-40D8-4685-82A5-1E74C92F7698}.DebugMVC|Win32.ActiveCfg = Debug|x86
		{884E4A3D-40D8-4685-82A5-1E74C92F7698}.DebugMVC|Win32.Build.0 = Debug|x86
		{884E4A3D-40D8-4685-82A5-1E74C92F7698}.DebugMVC|x64.ActiveCfg = Debug|x64
		{884E4A3D-40D8-4685-82A5-1E74C92F7698}.DebugMVC|x64.Build.0 = Debug|x64
		{884E4A3D-40D8-4685-82A5-1E74C92F7698}.Release|Win32.ActiveCfg = Release|x86
		{884E4A3D-40D8-4685-82A5-1E74C92F7698}.Release|Win32.Build.0 = Release|x86
		{884E4A3D-40D8-4685-82A5-1E74C92F7698}.Release|x64.ActiveCfg = Release|x64
		{884E4A3D-40D8-4685-82A5-1E74C92F7698}.Release|x64.Build.0 = Release|x64
		{30808BE1-14CD-4FB3-88C8-532BB63772D1}.Debug|Win32.ActiveCfg = Debug|x86
		{30808BE1-14CD-4FB3-88C8-532BB63772D1}.Debug|Win32.Build.0 = Debug|x86
		{30808BE1-14CD-4FB3-88C8-532BB63772D1}.Debug|x64.ActiveCfg = Debug|x64
		{30808BE1-14CD-4FB3-88C8-532BB63772D1}.Debug|x64.Build.0 = Debug|x64
		{30808BE1-14CD-4FB3-88C8-532BB63772D1}.DebugMVC|Win32.ActiveCfg = Debug|x86
		{30808BE1-14CD-4FB3-88C8-532BB63772D1}.DebugMVC|Win32.Build.0 = Debug|x86
		{30808BE1-14CD-4FB3-88C8-532BB63772D1}.DebugMVC|x64.ActiveCfg = Debug|x64
		{30808BE1-14CD-4FB3-88C8-532BB63772D1}.DebugMVC|x64.Build.0 = Debug|x64
		{30808BE1-14CD-4FB3-88C8-532BB63772D1}.Release|Win32.ActiveCfg = Release|x86
		{30808BE1-14CD-4FB3-88C8-532BB63772D1}.Release|Win32.Build.0 = Release|x86
		{30808BE1-14CD-4FB3-88C8-532BB63772D1}.Release|x64.ActiveCfg = Release|x64
		{30808BE1-14CD-4FB3-88C8-532BB63772D1}.Release|x64.Build.0 = Release|x64
	EndGlobalSection
	GlobalSection(SolutionProperties) = preSolution
		HideSolutionNode = FALSE
	EndGlobalSection
	GlobalSection(NestedProjects) = preSolution
		{44F92CD9-18FB-4A3B-84D4-3C5D41AFC59D} = {278B7EC8-7468-48E2-AA8D-61170412D155}
		{C94ECD74-EFA2-4FCB-81ED-3C9282296330} = {278B7EC8-7468-48E2-AA8D-61170412D155}
		{6FEE4B8F-67D5-416E-9342-F034D51D6E6E} = {278B7EC8-7468-48E2-AA8D-61170412D155}
		{72D5096F-A6CD-44C7-9D80-A7945EC51345} = {278B7EC8-7468-48E2-AA8D-61170412D155}
		{7268A369-A5A8-4132-AB00-EE81E8DBE7BC} = {278B7EC8-7468-48E2-AA8D-61170412D155}
		{6DA7E487-DC7F-4C77-AA15-81211751B905} = {278B7EC8-7468-48E2-AA8D-61170412D155}
	EndGlobalSection
EndGlobal
