
Microsoft Visual Studio Solution File, Format Version 12.00
# Visual Studio 2013
VisualStudioVersion = 12.0.31101.0
MinimumVisualStudioVersion = 10.0.40219.1
Project("{8BC9CEB8-8B4A-11D0-8D11-00A0C91BC942}") = "clrprofiler", "clrprofiler\clrprofiler.vcxproj", "{5195A31F-EAD5-4BCF-9F41-706BB0D89D18}"
EndProject
Project("{FAE04EC0-301F-11D3-BF4B-00C04F79EFBC}") = "webapplication", "webapplication\webapplication.csproj", "{ED6B27F3-7324-4CB7-9178-15F34A520E85}"
EndProject
Project("{2150E333-8FDC-42A3-9474-1A3956D46DE8}") = "TestHarnesses", "TestHarnesses", "{278B7EC8-7468-48E2-AA8D-61170412D155}"
EndProject
Project("{FAE04EC0-301F-11D3-BF4B-00C04F79EFBC}") = "HelloWorldTestHarness", "TestHarnesses\HelloWorldTestHarness\HelloWorldTestHarness.csproj", "{44F92CD9-18FB-4A3B-84D4-3C5D41AFC59D}"
	ProjectSection(ProjectDependencies) = postProject
		{5195A31F-EAD5-4BCF-9F41-706BB0D89D18} = {5195A31F-EAD5-4BCF-9F41-706BB0D89D18}
	EndProjectSection
EndProject
Project("{FAE04EC0-301F-11D3-BF4B-00C04F79EFBC}") = "LaunchAllTests", "TestHarnesses\LaunchAllTests\LaunchAllTests.csproj", "{C94ECD74-EFA2-4FCB-81ED-3C9282296330}"
EndProject
Project("{2150E333-8FDC-42A3-9474-1A3956D46DE8}") = "Repo Documents", "Repo Documents", "{27301A3D-9E5A-4C4C-9AE8-9276F95627C4}"
	ProjectSection(SolutionItems) = preProject
		README.md = README.md
	EndProjectSection
EndProject
Project("{FAE04EC0-301F-11D3-BF4B-00C04F79EFBC}") = "commonlibrary", "commonlib\commonlibrary.csproj", "{884E4A3D-40D8-4685-82A5-1E74C92F7698}"
EndProject
Project("{FAE04EC0-301F-11D3-BF4B-00C04F79EFBC}") = "server", "server\server.csproj", "{30808BE1-14CD-4FB3-88C8-532BB63772D1}"
EndProject
Project("{FAE04EC0-301F-11D3-BF4B-00C04F79EFBC}") = "clientemulator", "TestHarnesses\clientemulator\clientemulator.csproj", "{6DA7E487-DC7F-4C77-AA15-81211751B905}"
EndProject
Project("{FAE04EC0-301F-11D3-BF4B-00C04F79EFBC}") = "MVCTestHarness", "TestHarnesses\MVCTestHarness\MVCTestHarness.csproj", "{6FEE4B8F-67D5-416E-9342-F034D51D6E6E}"
EndProject
Project("{FAE04EC0-301F-11D3-BF4B-00C04F79EFBC}") = "ASMXWebService", "TestHarnesses\TestASMXService\ASMXWebService.csproj", "{7268A369-A5A8-4132-AB00-EE81E8DBE7BC}"
EndProject
Project("{FAE04EC0-301F-11D3-BF4B-00C04F79EFBC}") = "WCFTestService", "TestHarnesses\WCFTestService\WCFTestService.csproj", "{72D5096F-A6CD-44C7-9D80-A7945EC51345}"
EndProject
Project("{FAE04EC0-301F-11D3-BF4B-00C04F79EFBC}") = "injectedmethods", "injectedmethods\injectedmethods.csproj", "{AA9B9A03-FD8C-4F16-A67D-EF1FD37F772E}"
EndProject
Project("{8BC9CEB8-8B4A-11D0-8D11-00A0C91BC942}") = "metadatastaticlib", "metadatastaticlib\metadatastaticlib.vcxproj", "{78B92955-1DB4-4DAB-98C2-2D6747D5F274}"
EndProject
Project("{2150E333-8FDC-42A3-9474-1A3956D46DE8}") = "Tools", "Tools", "{E31ED220-DE16-4F4F-9AC3-31FE243BAD80}"
EndProject
Project("{FAE04EC0-301F-11D3-BF4B-00C04F79EFBC}") = "CommandCreator", "CommandCreator\CommandCreator.csproj", "{8D29F4FA-C84D-4128-B268-E973F81EFA4C}"
EndProject
Global
	GlobalSection(SolutionConfigurationPlatforms) = preSolution
		Debug|Any CPU = Debug|Any CPU
		Debug|Mixed Platforms = Debug|Mixed Platforms
		Debug|Win32 = Debug|Win32
		Debug|x64 = Debug|x64
		Debug|x86 = Debug|x86
		DebugMVC|Any CPU = DebugMVC|Any CPU
		DebugMVC|Mixed Platforms = DebugMVC|Mixed Platforms
		DebugMVC|Win32 = DebugMVC|Win32
		DebugMVC|x64 = DebugMVC|x64
		DebugMVC|x86 = DebugMVC|x86
		Release|Any CPU = Release|Any CPU
		Release|Mixed Platforms = Release|Mixed Platforms
		Release|Win32 = Release|Win32
		Release|x64 = Release|x64
		Release|x86 = Release|x86
	EndGlobalSection
	GlobalSection(ProjectConfigurationPlatforms) = postSolution
		{5195A31F-EAD5-4BCF-9F41-706BB0D89D18}.Debug|Any CPU.ActiveCfg = Debug|Win32
		{5195A31F-EAD5-4BCF-9F41-706BB0D89D18}.Debug|Mixed Platforms.ActiveCfg = Debug|Win32
		{5195A31F-EAD5-4BCF-9F41-706BB0D89D18}.Debug|Mixed Platforms.Build.0 = Debug|Win32
		{5195A31F-EAD5-4BCF-9F41-706BB0D89D18}.Debug|Win32.ActiveCfg = Debug|Win32
		{5195A31F-EAD5-4BCF-9F41-706BB0D89D18}.Debug|Win32.Build.0 = Debug|Win32
		{5195A31F-EAD5-4BCF-9F41-706BB0D89D18}.Debug|x64.ActiveCfg = Debug|x64
		{5195A31F-EAD5-4BCF-9F41-706BB0D89D18}.Debug|x64.Build.0 = Debug|x64
		{5195A31F-EAD5-4BCF-9F41-706BB0D89D18}.Debug|x86.ActiveCfg = Debug|Win32
		{5195A31F-EAD5-4BCF-9F41-706BB0D89D18}.Debug|x86.Build.0 = Debug|Win32
		{5195A31F-EAD5-4BCF-9F41-706BB0D89D18}.DebugMVC|Any CPU.ActiveCfg = DebugMVC|Win32
		{5195A31F-EAD5-4BCF-9F41-706BB0D89D18}.DebugMVC|Mixed Platforms.ActiveCfg = DebugMVC|Win32
		{5195A31F-EAD5-4BCF-9F41-706BB0D89D18}.DebugMVC|Mixed Platforms.Build.0 = DebugMVC|Win32
		{5195A31F-EAD5-4BCF-9F41-706BB0D89D18}.DebugMVC|Win32.ActiveCfg = DebugMVC|Win32
		{5195A31F-EAD5-4BCF-9F41-706BB0D89D18}.DebugMVC|Win32.Build.0 = DebugMVC|Win32
		{5195A31F-EAD5-4BCF-9F41-706BB0D89D18}.DebugMVC|x64.ActiveCfg = DebugMVC|x64
		{5195A31F-EAD5-4BCF-9F41-706BB0D89D18}.DebugMVC|x64.Build.0 = DebugMVC|x64
		{5195A31F-EAD5-4BCF-9F41-706BB0D89D18}.DebugMVC|x86.ActiveCfg = DebugMVC|Win32
		{5195A31F-EAD5-4BCF-9F41-706BB0D89D18}.DebugMVC|x86.Build.0 = DebugMVC|Win32
		{5195A31F-EAD5-4BCF-9F41-706BB0D89D18}.Release|Any CPU.ActiveCfg = Release|Win32
		{5195A31F-EAD5-4BCF-9F41-706BB0D89D18}.Release|Mixed Platforms.ActiveCfg = Release|Win32
		{5195A31F-EAD5-4BCF-9F41-706BB0D89D18}.Release|Mixed Platforms.Build.0 = Release|Win32
		{5195A31F-EAD5-4BCF-9F41-706BB0D89D18}.Release|Win32.ActiveCfg = Release|Win32
		{5195A31F-EAD5-4BCF-9F41-706BB0D89D18}.Release|Win32.Build.0 = Release|Win32
		{5195A31F-EAD5-4BCF-9F41-706BB0D89D18}.Release|x64.ActiveCfg = Release|x64
		{5195A31F-EAD5-4BCF-9F41-706BB0D89D18}.Release|x64.Build.0 = Release|x64
		{5195A31F-EAD5-4BCF-9F41-706BB0D89D18}.Release|x86.ActiveCfg = Release|Win32
		{5195A31F-EAD5-4BCF-9F41-706BB0D89D18}.Release|x86.Build.0 = Release|Win32
		{ED6B27F3-7324-4CB7-9178-15F34A520E85}.Debug|Any CPU.ActiveCfg = Debug|x86
		{ED6B27F3-7324-4CB7-9178-15F34A520E85}.Debug|Mixed Platforms.ActiveCfg = Debug|x86
		{ED6B27F3-7324-4CB7-9178-15F34A520E85}.Debug|Mixed Platforms.Build.0 = Debug|x86
		{ED6B27F3-7324-4CB7-9178-15F34A520E85}.Debug|Win32.ActiveCfg = Debug|x86
		{ED6B27F3-7324-4CB7-9178-15F34A520E85}.Debug|Win32.Build.0 = Debug|x86
		{ED6B27F3-7324-4CB7-9178-15F34A520E85}.Debug|x64.ActiveCfg = Debug|x64
		{ED6B27F3-7324-4CB7-9178-15F34A520E85}.Debug|x64.Build.0 = Debug|x64
		{ED6B27F3-7324-4CB7-9178-15F34A520E85}.Debug|x86.ActiveCfg = Debug|x86
		{ED6B27F3-7324-4CB7-9178-15F34A520E85}.Debug|x86.Build.0 = Debug|x86
		{ED6B27F3-7324-4CB7-9178-15F34A520E85}.DebugMVC|Any CPU.ActiveCfg = DebugMVC|x86
		{ED6B27F3-7324-4CB7-9178-15F34A520E85}.DebugMVC|Mixed Platforms.ActiveCfg = DebugMVC|x86
		{ED6B27F3-7324-4CB7-9178-15F34A520E85}.DebugMVC|Mixed Platforms.Build.0 = DebugMVC|x86
		{ED6B27F3-7324-4CB7-9178-15F34A520E85}.DebugMVC|Win32.ActiveCfg = DebugMVC|x86
		{ED6B27F3-7324-4CB7-9178-15F34A520E85}.DebugMVC|Win32.Build.0 = DebugMVC|x86
		{ED6B27F3-7324-4CB7-9178-15F34A520E85}.DebugMVC|x64.ActiveCfg = DebugMVC|x64
		{ED6B27F3-7324-4CB7-9178-15F34A520E85}.DebugMVC|x64.Build.0 = DebugMVC|x64
		{ED6B27F3-7324-4CB7-9178-15F34A520E85}.DebugMVC|x86.ActiveCfg = DebugMVC|x86
		{ED6B27F3-7324-4CB7-9178-15F34A520E85}.DebugMVC|x86.Build.0 = DebugMVC|x86
		{ED6B27F3-7324-4CB7-9178-15F34A520E85}.Release|Any CPU.ActiveCfg = Release|x86
		{ED6B27F3-7324-4CB7-9178-15F34A520E85}.Release|Mixed Platforms.ActiveCfg = Release|x86
		{ED6B27F3-7324-4CB7-9178-15F34A520E85}.Release|Mixed Platforms.Build.0 = Release|x86
		{ED6B27F3-7324-4CB7-9178-15F34A520E85}.Release|Win32.ActiveCfg = Release|x86
		{ED6B27F3-7324-4CB7-9178-15F34A520E85}.Release|Win32.Build.0 = Release|x86
		{ED6B27F3-7324-4CB7-9178-15F34A520E85}.Release|x64.ActiveCfg = Release|x64
		{ED6B27F3-7324-4CB7-9178-15F34A520E85}.Release|x64.Build.0 = Release|x64
		{ED6B27F3-7324-4CB7-9178-15F34A520E85}.Release|x86.ActiveCfg = Release|x86
		{ED6B27F3-7324-4CB7-9178-15F34A520E85}.Release|x86.Build.0 = Release|x86
		{44F92CD9-18FB-4A3B-84D4-3C5D41AFC59D}.Debug|Any CPU.ActiveCfg = Debug|x86
		{44F92CD9-18FB-4A3B-84D4-3C5D41AFC59D}.Debug|Mixed Platforms.ActiveCfg = Debug|x86
		{44F92CD9-18FB-4A3B-84D4-3C5D41AFC59D}.Debug|Mixed Platforms.Build.0 = Debug|x86
		{44F92CD9-18FB-4A3B-84D4-3C5D41AFC59D}.Debug|Win32.ActiveCfg = Debug|x86
		{44F92CD9-18FB-4A3B-84D4-3C5D41AFC59D}.Debug|Win32.Build.0 = Debug|x86
		{44F92CD9-18FB-4A3B-84D4-3C5D41AFC59D}.Debug|x64.ActiveCfg = Debug|x64
		{44F92CD9-18FB-4A3B-84D4-3C5D41AFC59D}.Debug|x64.Build.0 = Debug|x64
		{44F92CD9-18FB-4A3B-84D4-3C5D41AFC59D}.Debug|x86.ActiveCfg = Debug|x86
		{44F92CD9-18FB-4A3B-84D4-3C5D41AFC59D}.Debug|x86.Build.0 = Debug|x86
		{44F92CD9-18FB-4A3B-84D4-3C5D41AFC59D}.DebugMVC|Any CPU.ActiveCfg = DebugMVC|x86
		{44F92CD9-18FB-4A3B-84D4-3C5D41AFC59D}.DebugMVC|Mixed Platforms.ActiveCfg = DebugMVC|x86
		{44F92CD9-18FB-4A3B-84D4-3C5D41AFC59D}.DebugMVC|Mixed Platforms.Build.0 = DebugMVC|x86
		{44F92CD9-18FB-4A3B-84D4-3C5D41AFC59D}.DebugMVC|Win32.ActiveCfg = DebugMVC|x86
		{44F92CD9-18FB-4A3B-84D4-3C5D41AFC59D}.DebugMVC|Win32.Build.0 = DebugMVC|x86
		{44F92CD9-18FB-4A3B-84D4-3C5D41AFC59D}.DebugMVC|x64.ActiveCfg = DebugMVC|x64
		{44F92CD9-18FB-4A3B-84D4-3C5D41AFC59D}.DebugMVC|x64.Build.0 = DebugMVC|x64
		{44F92CD9-18FB-4A3B-84D4-3C5D41AFC59D}.DebugMVC|x86.ActiveCfg = DebugMVC|x86
		{44F92CD9-18FB-4A3B-84D4-3C5D41AFC59D}.DebugMVC|x86.Build.0 = DebugMVC|x86
		{44F92CD9-18FB-4A3B-84D4-3C5D41AFC59D}.Release|Any CPU.ActiveCfg = Release|x86
		{44F92CD9-18FB-4A3B-84D4-3C5D41AFC59D}.Release|Mixed Platforms.ActiveCfg = Release|x86
		{44F92CD9-18FB-4A3B-84D4-3C5D41AFC59D}.Release|Mixed Platforms.Build.0 = Release|x86
		{44F92CD9-18FB-4A3B-84D4-3C5D41AFC59D}.Release|Win32.ActiveCfg = Release|x86
		{44F92CD9-18FB-4A3B-84D4-3C5D41AFC59D}.Release|Win32.Build.0 = Release|x86
		{44F92CD9-18FB-4A3B-84D4-3C5D41AFC59D}.Release|x64.ActiveCfg = Release|x64
		{44F92CD9-18FB-4A3B-84D4-3C5D41AFC59D}.Release|x64.Build.0 = Release|x64
		{44F92CD9-18FB-4A3B-84D4-3C5D41AFC59D}.Release|x86.ActiveCfg = Release|x86
		{44F92CD9-18FB-4A3B-84D4-3C5D41AFC59D}.Release|x86.Build.0 = Release|x86
		{C94ECD74-EFA2-4FCB-81ED-3C9282296330}.Debug|Any CPU.ActiveCfg = Debug|x86
		{C94ECD74-EFA2-4FCB-81ED-3C9282296330}.Debug|Mixed Platforms.ActiveCfg = Debug|x86
		{C94ECD74-EFA2-4FCB-81ED-3C9282296330}.Debug|Mixed Platforms.Build.0 = Debug|x86
		{C94ECD74-EFA2-4FCB-81ED-3C9282296330}.Debug|Win32.ActiveCfg = Debug|x86
		{C94ECD74-EFA2-4FCB-81ED-3C9282296330}.Debug|Win32.Build.0 = Debug|x86
		{C94ECD74-EFA2-4FCB-81ED-3C9282296330}.Debug|x64.ActiveCfg = Debug|x64
		{C94ECD74-EFA2-4FCB-81ED-3C9282296330}.Debug|x64.Build.0 = Debug|x64
		{C94ECD74-EFA2-4FCB-81ED-3C9282296330}.Debug|x86.ActiveCfg = Debug|x86
		{C94ECD74-EFA2-4FCB-81ED-3C9282296330}.Debug|x86.Build.0 = Debug|x86
		{C94ECD74-EFA2-4FCB-81ED-3C9282296330}.DebugMVC|Any CPU.ActiveCfg = DebugMVC|x86
		{C94ECD74-EFA2-4FCB-81ED-3C9282296330}.DebugMVC|Mixed Platforms.ActiveCfg = DebugMVC|x86
		{C94ECD74-EFA2-4FCB-81ED-3C9282296330}.DebugMVC|Mixed Platforms.Build.0 = DebugMVC|x86
		{C94ECD74-EFA2-4FCB-81ED-3C9282296330}.DebugMVC|Win32.ActiveCfg = DebugMVC|x86
		{C94ECD74-EFA2-4FCB-81ED-3C9282296330}.DebugMVC|Win32.Build.0 = DebugMVC|x86
		{C94ECD74-EFA2-4FCB-81ED-3C9282296330}.DebugMVC|x64.ActiveCfg = DebugMVC|x64
		{C94ECD74-EFA2-4FCB-81ED-3C9282296330}.DebugMVC|x64.Build.0 = DebugMVC|x64
		{C94ECD74-EFA2-4FCB-81ED-3C9282296330}.DebugMVC|x86.ActiveCfg = DebugMVC|x86
		{C94ECD74-EFA2-4FCB-81ED-3C9282296330}.DebugMVC|x86.Build.0 = DebugMVC|x86
		{C94ECD74-EFA2-4FCB-81ED-3C9282296330}.Release|Any CPU.ActiveCfg = Release|x86
		{C94ECD74-EFA2-4FCB-81ED-3C9282296330}.Release|Mixed Platforms.ActiveCfg = Release|x86
		{C94ECD74-EFA2-4FCB-81ED-3C9282296330}.Release|Mixed Platforms.Build.0 = Release|x86
		{C94ECD74-EFA2-4FCB-81ED-3C9282296330}.Release|Win32.ActiveCfg = Release|x86
		{C94ECD74-EFA2-4FCB-81ED-3C9282296330}.Release|Win32.Build.0 = Release|x86
		{C94ECD74-EFA2-4FCB-81ED-3C9282296330}.Release|x64.ActiveCfg = Release|x64
		{C94ECD74-EFA2-4FCB-81ED-3C9282296330}.Release|x64.Build.0 = Release|x64
		{C94ECD74-EFA2-4FCB-81ED-3C9282296330}.Release|x86.ActiveCfg = Release|x86
		{C94ECD74-EFA2-4FCB-81ED-3C9282296330}.Release|x86.Build.0 = Release|x86
		{884E4A3D-40D8-4685-82A5-1E74C92F7698}.Debug|Any CPU.ActiveCfg = Debug|x86
		{884E4A3D-40D8-4685-82A5-1E74C92F7698}.Debug|Mixed Platforms.ActiveCfg = Debug|x86
		{884E4A3D-40D8-4685-82A5-1E74C92F7698}.Debug|Mixed Platforms.Build.0 = Debug|x86
		{884E4A3D-40D8-4685-82A5-1E74C92F7698}.Debug|Win32.ActiveCfg = Debug|x86
		{884E4A3D-40D8-4685-82A5-1E74C92F7698}.Debug|Win32.Build.0 = Debug|x86
		{884E4A3D-40D8-4685-82A5-1E74C92F7698}.Debug|x64.ActiveCfg = Debug|x64
		{884E4A3D-40D8-4685-82A5-1E74C92F7698}.Debug|x64.Build.0 = Debug|x64
		{884E4A3D-40D8-4685-82A5-1E74C92F7698}.Debug|x86.ActiveCfg = Debug|x86
		{884E4A3D-40D8-4685-82A5-1E74C92F7698}.Debug|x86.Build.0 = Debug|x86
		{884E4A3D-40D8-4685-82A5-1E74C92F7698}.DebugMVC|Any CPU.ActiveCfg = Debug|x86
		{884E4A3D-40D8-4685-82A5-1E74C92F7698}.DebugMVC|Mixed Platforms.ActiveCfg = Debug|x86
		{884E4A3D-40D8-4685-82A5-1E74C92F7698}.DebugMVC|Mixed Platforms.Build.0 = Debug|x86
		{884E4A3D-40D8-4685-82A5-1E74C92F7698}.DebugMVC|Win32.ActiveCfg = Debug|x86
		{884E4A3D-40D8-4685-82A5-1E74C92F7698}.DebugMVC|Win32.Build.0 = Debug|x86
		{884E4A3D-40D8-4685-82A5-1E74C92F7698}.DebugMVC|x64.ActiveCfg = Debug|x64
		{884E4A3D-40D8-4685-82A5-1E74C92F7698}.DebugMVC|x64.Build.0 = Debug|x64
		{884E4A3D-40D8-4685-82A5-1E74C92F7698}.DebugMVC|x86.ActiveCfg = Debug|x86
		{884E4A3D-40D8-4685-82A5-1E74C92F7698}.DebugMVC|x86.Build.0 = Debug|x86
		{884E4A3D-40D8-4685-82A5-1E74C92F7698}.Release|Any CPU.ActiveCfg = Release|x86
		{884E4A3D-40D8-4685-82A5-1E74C92F7698}.Release|Mixed Platforms.ActiveCfg = Release|x86
		{884E4A3D-40D8-4685-82A5-1E74C92F7698}.Release|Mixed Platforms.Build.0 = Release|x86
		{884E4A3D-40D8-4685-82A5-1E74C92F7698}.Release|Win32.ActiveCfg = Release|x86
		{884E4A3D-40D8-4685-82A5-1E74C92F7698}.Release|Win32.Build.0 = Release|x86
		{884E4A3D-40D8-4685-82A5-1E74C92F7698}.Release|x64.ActiveCfg = Release|x64
		{884E4A3D-40D8-4685-82A5-1E74C92F7698}.Release|x64.Build.0 = Release|x64
		{884E4A3D-40D8-4685-82A5-1E74C92F7698}.Release|x86.ActiveCfg = Release|x86
		{884E4A3D-40D8-4685-82A5-1E74C92F7698}.Release|x86.Build.0 = Release|x86
		{30808BE1-14CD-4FB3-88C8-532BB63772D1}.Debug|Any CPU.ActiveCfg = Debug|x86
		{30808BE1-14CD-4FB3-88C8-532BB63772D1}.Debug|Mixed Platforms.ActiveCfg = Debug|x86
		{30808BE1-14CD-4FB3-88C8-532BB63772D1}.Debug|Mixed Platforms.Build.0 = Debug|x86
		{30808BE1-14CD-4FB3-88C8-532BB63772D1}.Debug|Win32.ActiveCfg = Debug|x86
		{30808BE1-14CD-4FB3-88C8-532BB63772D1}.Debug|Win32.Build.0 = Debug|x86
		{30808BE1-14CD-4FB3-88C8-532BB63772D1}.Debug|x64.ActiveCfg = Debug|x64
		{30808BE1-14CD-4FB3-88C8-532BB63772D1}.Debug|x64.Build.0 = Debug|x64
		{30808BE1-14CD-4FB3-88C8-532BB63772D1}.Debug|x86.ActiveCfg = Debug|x86
		{30808BE1-14CD-4FB3-88C8-532BB63772D1}.Debug|x86.Build.0 = Debug|x86
		{30808BE1-14CD-4FB3-88C8-532BB63772D1}.DebugMVC|Any CPU.ActiveCfg = Debug|x86
		{30808BE1-14CD-4FB3-88C8-532BB63772D1}.DebugMVC|Mixed Platforms.ActiveCfg = Debug|x86
		{30808BE1-14CD-4FB3-88C8-532BB63772D1}.DebugMVC|Mixed Platforms.Build.0 = Debug|x86
		{30808BE1-14CD-4FB3-88C8-532BB63772D1}.DebugMVC|Win32.ActiveCfg = Debug|x86
		{30808BE1-14CD-4FB3-88C8-532BB63772D1}.DebugMVC|Win32.Build.0 = Debug|x86
		{30808BE1-14CD-4FB3-88C8-532BB63772D1}.DebugMVC|x64.ActiveCfg = Debug|x64
		{30808BE1-14CD-4FB3-88C8-532BB63772D1}.DebugMVC|x64.Build.0 = Debug|x64
		{30808BE1-14CD-4FB3-88C8-532BB63772D1}.DebugMVC|x86.ActiveCfg = Debug|x86
		{30808BE1-14CD-4FB3-88C8-532BB63772D1}.DebugMVC|x86.Build.0 = Debug|x86
		{30808BE1-14CD-4FB3-88C8-532BB63772D1}.Release|Any CPU.ActiveCfg = Release|x86
		{30808BE1-14CD-4FB3-88C8-532BB63772D1}.Release|Mixed Platforms.ActiveCfg = Release|x86
		{30808BE1-14CD-4FB3-88C8-532BB63772D1}.Release|Mixed Platforms.Build.0 = Release|x86
		{30808BE1-14CD-4FB3-88C8-532BB63772D1}.Release|Win32.ActiveCfg = Release|x86
		{30808BE1-14CD-4FB3-88C8-532BB63772D1}.Release|Win32.Build.0 = Release|x86
		{30808BE1-14CD-4FB3-88C8-532BB63772D1}.Release|x64.ActiveCfg = Release|x64
		{30808BE1-14CD-4FB3-88C8-532BB63772D1}.Release|x64.Build.0 = Release|x64
		{30808BE1-14CD-4FB3-88C8-532BB63772D1}.Release|x86.ActiveCfg = Release|x86
		{30808BE1-14CD-4FB3-88C8-532BB63772D1}.Release|x86.Build.0 = Release|x86
		{6DA7E487-DC7F-4C77-AA15-81211751B905}.Debug|Any CPU.ActiveCfg = Debug|x86
		{6DA7E487-DC7F-4C77-AA15-81211751B905}.Debug|Mixed Platforms.ActiveCfg = Debug|x86
		{6DA7E487-DC7F-4C77-AA15-81211751B905}.Debug|Mixed Platforms.Build.0 = Debug|x86
		{6DA7E487-DC7F-4C77-AA15-81211751B905}.Debug|Win32.ActiveCfg = Debug|x86
		{6DA7E487-DC7F-4C77-AA15-81211751B905}.Debug|Win32.Build.0 = Debug|x86
		{6DA7E487-DC7F-4C77-AA15-81211751B905}.Debug|x64.ActiveCfg = Debug|x64
		{6DA7E487-DC7F-4C77-AA15-81211751B905}.Debug|x64.Build.0 = Debug|x64
		{6DA7E487-DC7F-4C77-AA15-81211751B905}.Debug|x86.ActiveCfg = Debug|x86
		{6DA7E487-DC7F-4C77-AA15-81211751B905}.Debug|x86.Build.0 = Debug|x86
		{6DA7E487-DC7F-4C77-AA15-81211751B905}.DebugMVC|Any CPU.ActiveCfg = Debug|x86
		{6DA7E487-DC7F-4C77-AA15-81211751B905}.DebugMVC|Mixed Platforms.ActiveCfg = Debug|x86
		{6DA7E487-DC7F-4C77-AA15-81211751B905}.DebugMVC|Mixed Platforms.Build.0 = Debug|x86
		{6DA7E487-DC7F-4C77-AA15-81211751B905}.DebugMVC|Win32.ActiveCfg = Debug|x86
		{6DA7E487-DC7F-4C77-AA15-81211751B905}.DebugMVC|Win32.Build.0 = Debug|x86
		{6DA7E487-DC7F-4C77-AA15-81211751B905}.DebugMVC|x64.ActiveCfg = Debug|x64
		{6DA7E487-DC7F-4C77-AA15-81211751B905}.DebugMVC|x64.Build.0 = Debug|x64
		{6DA7E487-DC7F-4C77-AA15-81211751B905}.DebugMVC|x86.ActiveCfg = Debug|x86
		{6DA7E487-DC7F-4C77-AA15-81211751B905}.DebugMVC|x86.Build.0 = Debug|x86
		{6DA7E487-DC7F-4C77-AA15-81211751B905}.Release|Any CPU.ActiveCfg = Release|x86
		{6DA7E487-DC7F-4C77-AA15-81211751B905}.Release|Mixed Platforms.ActiveCfg = Release|x86
		{6DA7E487-DC7F-4C77-AA15-81211751B905}.Release|Mixed Platforms.Build.0 = Release|x86
		{6DA7E487-DC7F-4C77-AA15-81211751B905}.Release|Win32.ActiveCfg = Release|x86
		{6DA7E487-DC7F-4C77-AA15-81211751B905}.Release|Win32.Build.0 = Release|x86
		{6DA7E487-DC7F-4C77-AA15-81211751B905}.Release|x64.ActiveCfg = Release|x64
		{6DA7E487-DC7F-4C77-AA15-81211751B905}.Release|x64.Build.0 = Release|x64
		{6DA7E487-DC7F-4C77-AA15-81211751B905}.Release|x86.ActiveCfg = Release|x86
		{6DA7E487-DC7F-4C77-AA15-81211751B905}.Release|x86.Build.0 = Release|x86
		{6FEE4B8F-67D5-416E-9342-F034D51D6E6E}.Debug|Any CPU.ActiveCfg = Debug|x86
		{6FEE4B8F-67D5-416E-9342-F034D51D6E6E}.Debug|Mixed Platforms.ActiveCfg = Debug|x86
		{6FEE4B8F-67D5-416E-9342-F034D51D6E6E}.Debug|Mixed Platforms.Build.0 = Debug|x86
		{6FEE4B8F-67D5-416E-9342-F034D51D6E6E}.Debug|Win32.ActiveCfg = Debug|x86
		{6FEE4B8F-67D5-416E-9342-F034D51D6E6E}.Debug|Win32.Build.0 = Debug|x86
		{6FEE4B8F-67D5-416E-9342-F034D51D6E6E}.Debug|x64.ActiveCfg = Debug|x64
		{6FEE4B8F-67D5-416E-9342-F034D51D6E6E}.Debug|x64.Build.0 = Debug|x64
		{6FEE4B8F-67D5-416E-9342-F034D51D6E6E}.Debug|x86.ActiveCfg = Debug|x86
		{6FEE4B8F-67D5-416E-9342-F034D51D6E6E}.Debug|x86.Build.0 = Debug|x86
		{6FEE4B8F-67D5-416E-9342-F034D51D6E6E}.DebugMVC|Any CPU.ActiveCfg = DebugMVC|x86
		{6FEE4B8F-67D5-416E-9342-F034D51D6E6E}.DebugMVC|Mixed Platforms.ActiveCfg = DebugMVC|x86
		{6FEE4B8F-67D5-416E-9342-F034D51D6E6E}.DebugMVC|Mixed Platforms.Build.0 = DebugMVC|x86
		{6FEE4B8F-67D5-416E-9342-F034D51D6E6E}.DebugMVC|Win32.ActiveCfg = DebugMVC|x86
		{6FEE4B8F-67D5-416E-9342-F034D51D6E6E}.DebugMVC|Win32.Build.0 = DebugMVC|x86
		{6FEE4B8F-67D5-416E-9342-F034D51D6E6E}.DebugMVC|x64.ActiveCfg = DebugMVC|x64
		{6FEE4B8F-67D5-416E-9342-F034D51D6E6E}.DebugMVC|x64.Build.0 = DebugMVC|x64
		{6FEE4B8F-67D5-416E-9342-F034D51D6E6E}.DebugMVC|x86.ActiveCfg = DebugMVC|x86
		{6FEE4B8F-67D5-416E-9342-F034D51D6E6E}.DebugMVC|x86.Build.0 = DebugMVC|x86
		{6FEE4B8F-67D5-416E-9342-F034D51D6E6E}.Release|Any CPU.ActiveCfg = Release|x86
		{6FEE4B8F-67D5-416E-9342-F034D51D6E6E}.Release|Mixed Platforms.ActiveCfg = Release|x86
		{6FEE4B8F-67D5-416E-9342-F034D51D6E6E}.Release|Mixed Platforms.Build.0 = Release|x86
		{6FEE4B8F-67D5-416E-9342-F034D51D6E6E}.Release|Win32.ActiveCfg = Release|x86
		{6FEE4B8F-67D5-416E-9342-F034D51D6E6E}.Release|Win32.Build.0 = Release|x86
		{6FEE4B8F-67D5-416E-9342-F034D51D6E6E}.Release|x64.ActiveCfg = Release|x64
		{6FEE4B8F-67D5-416E-9342-F034D51D6E6E}.Release|x64.Build.0 = Release|x64
		{6FEE4B8F-67D5-416E-9342-F034D51D6E6E}.Release|x86.ActiveCfg = Release|x86
		{6FEE4B8F-67D5-416E-9342-F034D51D6E6E}.Release|x86.Build.0 = Release|x86
		{7268A369-A5A8-4132-AB00-EE81E8DBE7BC}.Debug|Any CPU.ActiveCfg = Debug|x86
		{7268A369-A5A8-4132-AB00-EE81E8DBE7BC}.Debug|Mixed Platforms.ActiveCfg = Debug|x86
		{7268A369-A5A8-4132-AB00-EE81E8DBE7BC}.Debug|Mixed Platforms.Build.0 = Debug|x86
		{7268A369-A5A8-4132-AB00-EE81E8DBE7BC}.Debug|Win32.ActiveCfg = Debug|x86
		{7268A369-A5A8-4132-AB00-EE81E8DBE7BC}.Debug|Win32.Build.0 = Debug|x86
		{7268A369-A5A8-4132-AB00-EE81E8DBE7BC}.Debug|x64.ActiveCfg = Debug|x64
		{7268A369-A5A8-4132-AB00-EE81E8DBE7BC}.Debug|x64.Build.0 = Debug|x64
		{7268A369-A5A8-4132-AB00-EE81E8DBE7BC}.Debug|x86.ActiveCfg = Debug|x86
		{7268A369-A5A8-4132-AB00-EE81E8DBE7BC}.Debug|x86.Build.0 = Debug|x86
		{7268A369-A5A8-4132-AB00-EE81E8DBE7BC}.DebugMVC|Any CPU.ActiveCfg = Debug|x86
		{7268A369-A5A8-4132-AB00-EE81E8DBE7BC}.DebugMVC|Mixed Platforms.ActiveCfg = Debug|x86
		{7268A369-A5A8-4132-AB00-EE81E8DBE7BC}.DebugMVC|Mixed Platforms.Build.0 = Debug|x86
		{7268A369-A5A8-4132-AB00-EE81E8DBE7BC}.DebugMVC|Win32.ActiveCfg = Debug|x86
		{7268A369-A5A8-4132-AB00-EE81E8DBE7BC}.DebugMVC|Win32.Build.0 = Debug|x86
		{7268A369-A5A8-4132-AB00-EE81E8DBE7BC}.DebugMVC|x64.ActiveCfg = Debug|x64
		{7268A369-A5A8-4132-AB00-EE81E8DBE7BC}.DebugMVC|x64.Build.0 = Debug|x64
		{7268A369-A5A8-4132-AB00-EE81E8DBE7BC}.DebugMVC|x86.ActiveCfg = Debug|x86
		{7268A369-A5A8-4132-AB00-EE81E8DBE7BC}.DebugMVC|x86.Build.0 = Debug|x86
		{7268A369-A5A8-4132-AB00-EE81E8DBE7BC}.Release|Any CPU.ActiveCfg = Release|x86
		{7268A369-A5A8-4132-AB00-EE81E8DBE7BC}.Release|Mixed Platforms.ActiveCfg = Release|x86
		{7268A369-A5A8-4132-AB00-EE81E8DBE7BC}.Release|Mixed Platforms.Build.0 = Release|x86
		{7268A369-A5A8-4132-AB00-EE81E8DBE7BC}.Release|Win32.ActiveCfg = Release|x86
		{7268A369-A5A8-4132-AB00-EE81E8DBE7BC}.Release|Win32.Build.0 = Release|x86
		{7268A369-A5A8-4132-AB00-EE81E8DBE7BC}.Release|x64.ActiveCfg = Release|x64
		{7268A369-A5A8-4132-AB00-EE81E8DBE7BC}.Release|x64.Build.0 = Release|x64
		{7268A369-A5A8-4132-AB00-EE81E8DBE7BC}.Release|x86.ActiveCfg = Release|x86
		{7268A369-A5A8-4132-AB00-EE81E8DBE7BC}.Release|x86.Build.0 = Release|x86
		{72D5096F-A6CD-44C7-9D80-A7945EC51345}.Debug|Any CPU.ActiveCfg = Debug|x86
		{72D5096F-A6CD-44C7-9D80-A7945EC51345}.Debug|Mixed Platforms.ActiveCfg = Debug|x86
		{72D5096F-A6CD-44C7-9D80-A7945EC51345}.Debug|Mixed Platforms.Build.0 = Debug|x86
		{72D5096F-A6CD-44C7-9D80-A7945EC51345}.Debug|Win32.ActiveCfg = Debug|x86
		{72D5096F-A6CD-44C7-9D80-A7945EC51345}.Debug|Win32.Build.0 = Debug|x86
		{72D5096F-A6CD-44C7-9D80-A7945EC51345}.Debug|x64.ActiveCfg = Debug|x64
		{72D5096F-A6CD-44C7-9D80-A7945EC51345}.Debug|x64.Build.0 = Debug|x64
		{72D5096F-A6CD-44C7-9D80-A7945EC51345}.Debug|x86.ActiveCfg = Debug|x86
		{72D5096F-A6CD-44C7-9D80-A7945EC51345}.Debug|x86.Build.0 = Debug|x86
		{72D5096F-A6CD-44C7-9D80-A7945EC51345}.DebugMVC|Any CPU.ActiveCfg = Debug|x86
		{72D5096F-A6CD-44C7-9D80-A7945EC51345}.DebugMVC|Mixed Platforms.ActiveCfg = Debug|x86
		{72D5096F-A6CD-44C7-9D80-A7945EC51345}.DebugMVC|Mixed Platforms.Build.0 = Debug|x86
		{72D5096F-A6CD-44C7-9D80-A7945EC51345}.DebugMVC|Win32.ActiveCfg = Debug|x86
		{72D5096F-A6CD-44C7-9D80-A7945EC51345}.DebugMVC|Win32.Build.0 = Debug|x86
		{72D5096F-A6CD-44C7-9D80-A7945EC51345}.DebugMVC|x64.ActiveCfg = Debug|x64
		{72D5096F-A6CD-44C7-9D80-A7945EC51345}.DebugMVC|x64.Build.0 = Debug|x64
		{72D5096F-A6CD-44C7-9D80-A7945EC51345}.DebugMVC|x86.ActiveCfg = Debug|x86
		{72D5096F-A6CD-44C7-9D80-A7945EC51345}.DebugMVC|x86.Build.0 = Debug|x86
		{72D5096F-A6CD-44C7-9D80-A7945EC51345}.Release|Any CPU.ActiveCfg = Release|x86
		{72D5096F-A6CD-44C7-9D80-A7945EC51345}.Release|Mixed Platforms.ActiveCfg = Release|x86
		{72D5096F-A6CD-44C7-9D80-A7945EC51345}.Release|Mixed Platforms.Build.0 = Release|x86
		{72D5096F-A6CD-44C7-9D80-A7945EC51345}.Release|Win32.ActiveCfg = Release|x86
		{72D5096F-A6CD-44C7-9D80-A7945EC51345}.Release|Win32.Build.0 = Release|x86
		{72D5096F-A6CD-44C7-9D80-A7945EC51345}.Release|x64.ActiveCfg = Release|x64
		{72D5096F-A6CD-44C7-9D80-A7945EC51345}.Release|x64.Build.0 = Release|x64
		{72D5096F-A6CD-44C7-9D80-A7945EC51345}.Release|x86.ActiveCfg = Release|x86
		{72D5096F-A6CD-44C7-9D80-A7945EC51345}.Release|x86.Build.0 = Release|x86
		{AA9B9A03-FD8C-4F16-A67D-EF1FD37F772E}.Debug|Any CPU.ActiveCfg = Debug|Any CPU
		{AA9B9A03-FD8C-4F16-A67D-EF1FD37F772E}.Debug|Any CPU.Build.0 = Debug|Any CPU
		{AA9B9A03-FD8C-4F16-A67D-EF1FD37F772E}.Debug|Mixed Platforms.ActiveCfg = Debug|Any CPU
		{AA9B9A03-FD8C-4F16-A67D-EF1FD37F772E}.Debug|Mixed Platforms.Build.0 = Debug|Any CPU
		{AA9B9A03-FD8C-4F16-A67D-EF1FD37F772E}.Debug|Win32.ActiveCfg = Debug|Any CPU
		{AA9B9A03-FD8C-4F16-A67D-EF1FD37F772E}.Debug|x64.ActiveCfg = Debug|x64
		{AA9B9A03-FD8C-4F16-A67D-EF1FD37F772E}.Debug|x64.Build.0 = Debug|x64
		{AA9B9A03-FD8C-4F16-A67D-EF1FD37F772E}.Debug|x86.ActiveCfg = Debug|x86
		{AA9B9A03-FD8C-4F16-A67D-EF1FD37F772E}.DebugMVC|Any CPU.ActiveCfg = Debug|Any CPU
		{AA9B9A03-FD8C-4F16-A67D-EF1FD37F772E}.DebugMVC|Any CPU.Build.0 = Debug|Any CPU
		{AA9B9A03-FD8C-4F16-A67D-EF1FD37F772E}.DebugMVC|Mixed Platforms.ActiveCfg = Debug|Any CPU
		{AA9B9A03-FD8C-4F16-A67D-EF1FD37F772E}.DebugMVC|Mixed Platforms.Build.0 = Debug|Any CPU
		{AA9B9A03-FD8C-4F16-A67D-EF1FD37F772E}.DebugMVC|Win32.ActiveCfg = Debug|Any CPU
		{AA9B9A03-FD8C-4F16-A67D-EF1FD37F772E}.DebugMVC|x64.ActiveCfg = Debug|Any CPU
		{AA9B9A03-FD8C-4F16-A67D-EF1FD37F772E}.DebugMVC|x86.ActiveCfg = Debug|Any CPU
		{AA9B9A03-FD8C-4F16-A67D-EF1FD37F772E}.Release|Any CPU.ActiveCfg = Release|Any CPU
		{AA9B9A03-FD8C-4F16-A67D-EF1FD37F772E}.Release|Any CPU.Build.0 = Release|Any CPU
		{AA9B9A03-FD8C-4F16-A67D-EF1FD37F772E}.Release|Mixed Platforms.ActiveCfg = Release|Any CPU
		{AA9B9A03-FD8C-4F16-A67D-EF1FD37F772E}.Release|Mixed Platforms.Build.0 = Release|Any CPU
		{AA9B9A03-FD8C-4F16-A67D-EF1FD37F772E}.Release|Win32.ActiveCfg = Release|Any CPU
		{AA9B9A03-FD8C-4F16-A67D-EF1FD37F772E}.Release|x64.ActiveCfg = Release|x64
		{AA9B9A03-FD8C-4F16-A67D-EF1FD37F772E}.Release|x86.ActiveCfg = Release|Any CPU
		{78B92955-1DB4-4DAB-98C2-2D6747D5F274}.Debug|Any CPU.ActiveCfg = Debug|Win32
		{78B92955-1DB4-4DAB-98C2-2D6747D5F274}.Debug|Mixed Platforms.ActiveCfg = Debug|Win32
		{78B92955-1DB4-4DAB-98C2-2D6747D5F274}.Debug|Mixed Platforms.Build.0 = Debug|Win32
		{78B92955-1DB4-4DAB-98C2-2D6747D5F274}.Debug|Win32.ActiveCfg = Debug|Win32
		{78B92955-1DB4-4DAB-98C2-2D6747D5F274}.Debug|Win32.Build.0 = Debug|Win32
		{78B92955-1DB4-4DAB-98C2-2D6747D5F274}.Debug|x64.ActiveCfg = Debug|x64
		{78B92955-1DB4-4DAB-98C2-2D6747D5F274}.Debug|x64.Build.0 = Debug|x64
		{78B92955-1DB4-4DAB-98C2-2D6747D5F274}.Debug|x86.ActiveCfg = Debug|Win32
		{78B92955-1DB4-4DAB-98C2-2D6747D5F274}.Debug|x86.Build.0 = Debug|Win32
		{78B92955-1DB4-4DAB-98C2-2D6747D5F274}.DebugMVC|Any CPU.ActiveCfg = Debug|Win32
		{78B92955-1DB4-4DAB-98C2-2D6747D5F274}.DebugMVC|Mixed Platforms.ActiveCfg = Debug|Win32
		{78B92955-1DB4-4DAB-98C2-2D6747D5F274}.DebugMVC|Mixed Platforms.Build.0 = Debug|Win32
		{78B92955-1DB4-4DAB-98C2-2D6747D5F274}.DebugMVC|Win32.ActiveCfg = Debug|Win32
		{78B92955-1DB4-4DAB-98C2-2D6747D5F274}.DebugMVC|Win32.Build.0 = Debug|Win32
		{78B92955-1DB4-4DAB-98C2-2D6747D5F274}.DebugMVC|x64.ActiveCfg = Debug|Win32
		{78B92955-1DB4-4DAB-98C2-2D6747D5F274}.DebugMVC|x86.ActiveCfg = Debug|Win32
		{78B92955-1DB4-4DAB-98C2-2D6747D5F274}.DebugMVC|x86.Build.0 = Debug|Win32
		{78B92955-1DB4-4DAB-98C2-2D6747D5F274}.Release|Any CPU.ActiveCfg = Release|Win32
		{78B92955-1DB4-4DAB-98C2-2D6747D5F274}.Release|Mixed Platforms.ActiveCfg = Release|Win32
		{78B92955-1DB4-4DAB-98C2-2D6747D5F274}.Release|Mixed Platforms.Build.0 = Release|Win32
		{78B92955-1DB4-4DAB-98C2-2D6747D5F274}.Release|Win32.ActiveCfg = Release|Win32
		{78B92955-1DB4-4DAB-98C2-2D6747D5F274}.Release|Win32.Build.0 = Release|Win32
		{78B92955-1DB4-4DAB-98C2-2D6747D5F274}.Release|x64.ActiveCfg = Release|x64
		{78B92955-1DB4-4DAB-98C2-2D6747D5F274}.Release|x86.ActiveCfg = Release|Win32
		{78B92955-1DB4-4DAB-98C2-2D6747D5F274}.Release|x86.Build.0 = Release|Win32
		{8D29F4FA-C84D-4128-B268-E973F81EFA4C}.Debug|Any CPU.ActiveCfg = Debug|Any CPU
		{8D29F4FA-C84D-4128-B268-E973F81EFA4C}.Debug|Any CPU.Build.0 = Debug|Any CPU
		{8D29F4FA-C84D-4128-B268-E973F81EFA4C}.Debug|Mixed Platforms.ActiveCfg = Debug|Any CPU
		{8D29F4FA-C84D-4128-B268-E973F81EFA4C}.Debug|Mixed Platforms.Build.0 = Debug|Any CPU
		{8D29F4FA-C84D-4128-B268-E973F81EFA4C}.Debug|Win32.ActiveCfg = Debug|Any CPU
		{8D29F4FA-C84D-4128-B268-E973F81EFA4C}.Debug|x64.ActiveCfg = Debug|Any CPU
		{8D29F4FA-C84D-4128-B268-E973F81EFA4C}.Debug|x86.ActiveCfg = Debug|Any CPU
		{8D29F4FA-C84D-4128-B268-E973F81EFA4C}.Debug|x86.Build.0 = Debug|Any CPU
		{8D29F4FA-C84D-4128-B268-E973F81EFA4C}.DebugMVC|Any CPU.ActiveCfg = Debug|Any CPU
		{8D29F4FA-C84D-4128-B268-E973F81EFA4C}.DebugMVC|Any CPU.Build.0 = Debug|Any CPU
		{8D29F4FA-C84D-4128-B268-E973F81EFA4C}.DebugMVC|Mixed Platforms.ActiveCfg = Debug|Any CPU
		{8D29F4FA-C84D-4128-B268-E973F81EFA4C}.DebugMVC|Mixed Platforms.Build.0 = Debug|Any CPU
		{8D29F4FA-C84D-4128-B268-E973F81EFA4C}.DebugMVC|Win32.ActiveCfg = Debug|Any CPU
		{8D29F4FA-C84D-4128-B268-E973F81EFA4C}.DebugMVC|x64.ActiveCfg = Debug|Any CPU
		{8D29F4FA-C84D-4128-B268-E973F81EFA4C}.DebugMVC|x86.ActiveCfg = Debug|Any CPU
		{8D29F4FA-C84D-4128-B268-E973F81EFA4C}.Release|Any CPU.ActiveCfg = Release|Any CPU
		{8D29F4FA-C84D-4128-B268-E973F81EFA4C}.Release|Any CPU.Build.0 = Release|Any CPU
		{8D29F4FA-C84D-4128-B268-E973F81EFA4C}.Release|Mixed Platforms.ActiveCfg = Release|Any CPU
		{8D29F4FA-C84D-4128-B268-E973F81EFA4C}.Release|Mixed Platforms.Build.0 = Release|Any CPU
		{8D29F4FA-C84D-4128-B268-E973F81EFA4C}.Release|Win32.ActiveCfg = Release|Any CPU
		{8D29F4FA-C84D-4128-B268-E973F81EFA4C}.Release|x64.ActiveCfg = Release|Any CPU
		{8D29F4FA-C84D-4128-B268-E973F81EFA4C}.Release|x86.ActiveCfg = Release|Any CPU
	EndGlobalSection
	GlobalSection(SolutionProperties) = preSolution
		HideSolutionNode = FALSE
	EndGlobalSection
	GlobalSection(NestedProjects) = preSolution
		{44F92CD9-18FB-4A3B-84D4-3C5D41AFC59D} = {278B7EC8-7468-48E2-AA8D-61170412D155}
		{C94ECD74-EFA2-4FCB-81ED-3C9282296330} = {278B7EC8-7468-48E2-AA8D-61170412D155}
		{6DA7E487-DC7F-4C77-AA15-81211751B905} = {278B7EC8-7468-48E2-AA8D-61170412D155}
		{6FEE4B8F-67D5-416E-9342-F034D51D6E6E} = {278B7EC8-7468-48E2-AA8D-61170412D155}
		{7268A369-A5A8-4132-AB00-EE81E8DBE7BC} = {278B7EC8-7468-48E2-AA8D-61170412D155}
		{72D5096F-A6CD-44C7-9D80-A7945EC51345} = {278B7EC8-7468-48E2-AA8D-61170412D155}
		{8D29F4FA-C84D-4128-B268-E973F81EFA4C} = {E31ED220-DE16-4F4F-9AC3-31FE243BAD80}
	EndGlobalSection
EndGlobal
