<?xml version="1.0" encoding="utf-8"?>
<Project ToolsVersion="4.0" xmlns="http://schemas.microsoft.com/developer/msbuild/2003">
  <ItemGroup>
    <Filter Include="Source Files">
      <UniqueIdentifier>{4FC737F1-C7A5-4376-A066-2A32D752A2FF}</UniqueIdentifier>
      <Extensions>cpp;c;cc;cxx;def;odl;idl;hpj;bat;asm;asmx</Extensions>
    </Filter>
    <Filter Include="Header Files">
      <UniqueIdentifier>{93995380-89BD-4b04-88EB-625FBE52EBFB}</UniqueIdentifier>
      <Extensions>h;hh;hpp;hxx;hm;inl;inc;xsd</Extensions>
    </Filter>
    <Filter Include="Resource Files">
      <UniqueIdentifier>{67DA6AB6-F800-4c08-8B7A-83BB121AAD01}</UniqueIdentifier>
      <Extensions>rc;ico;cur;bmp;dlg;rc2;rct;bin;rgs;gif;jpg;jpeg;jpe;resx;tiff;tif;png;wav;mfcribbon-ms</Extensions>
    </Filter>
    <Filter Include="Generated Files">
      <UniqueIdentifier>{6b2c9be5-2e52-4791-a7cd-d5d5fd430dd7}</UniqueIdentifier>
      <SourceControlFiles>False</SourceControlFiles>
    </Filter>
    <Filter Include="x64 Function Hooks">
      <UniqueIdentifier>{d19d0038-7ca3-43fb-89ec-cc98e046fc1f}</UniqueIdentifier>
    </Filter>
    <Filter Include="x86 Function Hooks">
      <UniqueIdentifier>{e72ade28-3235-4b1e-afa6-f7c6b9f7d765}</UniqueIdentifier>
    </Filter>
    <Filter Include="Helpers">
      <UniqueIdentifier>{1206c891-4454-4a53-bdf5-3d5bcd9dfe7c}</UniqueIdentifier>
    </Filter>
    <Filter Include="Profiler Info Callbacks">
      <UniqueIdentifier>{2930fa9c-5c94-4490-8a58-17e0b9dd3f07}</UniqueIdentifier>
    </Filter>
    <Filter Include="IL Rewriting">
      <UniqueIdentifier>{a1739379-5a12-4104-8abe-eecf507a5687}</UniqueIdentifier>
    </Filter>
    <Filter Include="ICorProfilerImpl Callback">
      <UniqueIdentifier>{9de2cb39-7741-43b4-89d1-7517db85b8db}</UniqueIdentifier>
    </Filter>
    <Filter Include="DLLMain">
      <UniqueIdentifier>{312be530-08bb-474f-9f3b-9f5b3e2e1971}</UniqueIdentifier>
    </Filter>
    <Filter Include="CProfilerClass">
      <UniqueIdentifier>{e2ebb73e-5802-480b-bcae-70a787e14b7e}</UniqueIdentifier>
    </Filter>
    <Filter Include="Common Classes">
      <UniqueIdentifier>{ace1e0a3-8308-4007-954d-6176de8ee9f2}</UniqueIdentifier>
    </Filter>
    <Filter Include="IL Rewriting\IL Body Helpers">
      <UniqueIdentifier>{f275989c-f8b3-413b-b1e9-1082ec8392ac}</UniqueIdentifier>
    </Filter>
    <Filter Include="IL Rewriting\Factory Class">
      <UniqueIdentifier>{93825141-6d0f-4774-b6b2-cd34e988a1f7}</UniqueIdentifier>
    </Filter>
  </ItemGroup>
  <ItemGroup>
    <ClCompile Include="clrprofiler_i.c">
      <Filter>Generated Files</Filter>
    </ClCompile>
    <ClCompile Include="MetadataHelpers.cpp">
      <Filter>Helpers</Filter>
    </ClCompile>
    <ClCompile Include="leave_x86.cpp">
      <Filter>x86 Function Hooks</Filter>
    </ClCompile>
    <ClCompile Include="static_il_bodies.cpp">
      <Filter>IL Rewriting\IL Body Helpers</Filter>
    </ClCompile>
    <ClCompile Include="CorProfilerCallbackImplementation.cpp">
      <Filter>ICorProfilerImpl Callback</Filter>
    </ClCompile>
    <ClCompile Include="xdlldata.c">
      <Filter>DLLMain</Filter>
    </ClCompile>
    <ClCompile Include="stdafx.cpp">
      <Filter>DLLMain</Filter>
    </ClCompile>
    <ClCompile Include="dllmain.cpp">
      <Filter>DLLMain</Filter>
    </ClCompile>
    <ClCompile Include="clrprofiler.cpp">
      <Filter>DLLMain</Filter>
    </ClCompile>
    <ClCompile Include="profilermain.cpp">
      <Filter>CProfilerClass</Filter>
    </ClCompile>
    <ClCompile Include="ParameterInfo.cpp">
      <Filter>Common Classes</Filter>
    </ClCompile>
    <ClCompile Include="FunctionInfo.cpp">
      <Filter>Common Classes</Filter>
    </ClCompile>
    <ClCompile Include="ThreadStackItem.cpp">
      <Filter>Common Classes</Filter>
    </ClCompile>
    <ClCompile Include="TimerItem.cpp">
      <Filter>Common Classes</Filter>
    </ClCompile>
    <ClCompile Include="ILFactory.cpp">
      <Filter>IL Rewriting\Factory Class</Filter>
    </ClCompile>
  </ItemGroup>
  <ItemGroup>
    <ClInclude Include="clrprofiler_i.h">
      <Filter>Generated Files</Filter>
    </ClInclude>
    <ClInclude Include="MetadataHelpers.h">
      <Filter>Helpers</Filter>
    </ClInclude>
    <ClInclude Include="ICorProlfileInfoCallbacks.hpp">
      <Filter>Profiler Info Callbacks</Filter>
    </ClInclude>
    <ClInclude Include="commonstructures.h">
      <Filter>Common Classes</Filter>
    </ClInclude>
    <ClInclude Include="static_il_bodies.h">
      <Filter>IL Rewriting\IL Body Helpers</Filter>
    </ClInclude>
    <ClInclude Include="CorProfilerCallbackImplementation.h">
      <Filter>ICorProfilerImpl Callback</Filter>
    </ClInclude>
    <ClInclude Include="dllmain.h">
      <Filter>DLLMain</Filter>
    </ClInclude>
    <ClInclude Include="stdafx.h">
      <Filter>DLLMain</Filter>
    </ClInclude>
    <ClInclude Include="xdlldata.h">
      <Filter>DLLMain</Filter>
    </ClInclude>
    <ClInclude Include="targetver.h">
      <Filter>DLLMain</Filter>
    </ClInclude>
    <ClInclude Include="Resource.h">
      <Filter>Resource Files</Filter>
    </ClInclude>
    <ClInclude Include="profilermain.h">
      <Filter>CProfilerClass</Filter>
    </ClInclude>
    <ClInclude Include="ILFactory.h">
      <Filter>IL Rewriting\Factory Class</Filter>
    </ClInclude>
    <ClInclude Include="FunctionInfo.h">
      <Filter>Common Classes</Filter>
    </ClInclude>
    <ClInclude Include="ParameterInfo.h">
      <Filter>Common Classes</Filter>
    </ClInclude>
    <ClInclude Include="ThreadStackItem.h">
      <Filter>Common Classes</Filter>
    </ClInclude>
    <ClInclude Include="TimerItem.h">
      <Filter>Common Classes</Filter>
    </ClInclude>
  </ItemGroup>
  <ItemGroup>
    <ResourceCompile Include="clrprofiler.rc">
      <Filter>Resource Files</Filter>
    </ResourceCompile>
  </ItemGroup>
  <ItemGroup>
    <Text Include="ReadMe.txt" />
  </ItemGroup>
  <ItemGroup>
    <None Include="clrprofiler.rgs">
      <Filter>Resource Files</Filter>
    </None>
    <None Include="profilermain.rgs">
      <Filter>Resource Files</Filter>
    </None>
    <None Include="registry.bin">
      <Filter>Resource Files</Filter>
    </None>
    <None Include="clrprofiler.def">
      <Filter>DLLMain</Filter>
    </None>
  </ItemGroup>
  <ItemGroup>
    <MASM Include="etl_enter_x64.asm">
      <Filter>x64 Function Hooks</Filter>
    </MASM>
    <MASM Include="etl_leave_x64.asm">
      <Filter>x64 Function Hooks</Filter>
    </MASM>
    <MASM Include="etl_tail_x64.asm">
      <Filter>x64 Function Hooks</Filter>
    </MASM>
  </ItemGroup>
  <ItemGroup>
    <Midl Include="clrprofiler.idl">
      <Filter>DLLMain</Filter>
    </Midl>
  </ItemGroup>
</Project>